{
  "version": 1,
  "dependencies": {
    "net8.0-windows7.0": {
      "DalamudPackager": {
        "type": "Direct",
        "requested": "[11.0.0, )",
        "resolved": "11.0.0",
        "contentHash": "bjT7XUlhIJSmsE/O76b7weUX+evvGQctbQB8aKXt94o+oPWxHpCepxAGMs7Thow3AzCyqWs7cOpp9/2wcgRRQA=="
      },
      "Newtonsoft.Json": {
        "type": "Direct",
        "requested": "[13.0.3, )",
        "resolved": "13.0.3",
        "contentHash": "HrC5BXdl00IP9zeV+0Z848QWPAoCr9P3bDEZguI+gkLcBKAOxix/tLEAAHC+UvDNPv4a2d18lOReHMOagPa+zQ=="
      },
      "StyleCop.Analyzers": {
        "type": "Direct",
        "requested": "[1.2.0-beta.333, )",
        "resolved": "1.2.0-beta.333",
        "contentHash": "o2r6o6TVTb6VdTtWEYT88/SgixcujjZ3gXMktvI/aNkA3y0CxUSVZEL23OjFe4/sDiTvldkdhKEyAQP9Z8r5wA==",
        "dependencies": {
          "StyleCop.Analyzers.Unstable": "1.2.0.333"
        }
      },
      "StyleCop.Analyzers.Unstable": {
        "type": "Transitive",
        "resolved": "1.2.0.333",
        "contentHash": "7mwxcwa3xZnyU71OTqSgntCDpsZ5gkc4saXhuJeyg5Xc+3xiQxzyhy26uG8rVF8Z7GKpXCsHCL3rd5ZomA+a/A=="
      }
    }
  }
}